
Microsoft Visual Studio Solution File, Format Version 12.00
# Visual Studio Version 17
VisualStudioVersion = 17.11.35312.102
MinimumVisualStudioVersion = 10.0.40219.1
Project("{FAE04EC0-301F-11D3-BF4B-00C04F79EFBC}") = "SQLiteIntegration_ADOdotNET", "SQLiteIntegration_ADOdotNET\SQLiteIntegration_ADOdotNET.csproj", "{1BDBE1F8-F833-435A-A6F2-3EECB22A074E}"
EndProject
Global
	GlobalSection(SolutionConfigurationPlatforms) = preSolution
		Debug|Any CPU = Debug|Any CPU
		Release|Any CPU = Release|Any CPU
	EndGlobalSection
	GlobalSection(ProjectConfigurationPlatforms) = postSolution
		{1BDBE1F8-F833-435A-A6F2-3EECB22A074E}.Debug|Any CPU.ActiveCfg = Debug|Any CPU
		{1BDBE1F8-F833-435A-A6F2-3EECB22A074E}.Debug|Any CPU.Build.0 = Debug|Any CPU
		{1BDBE1F8-F833-435A-A6F2-3EECB22A074E}.Release|Any CPU.ActiveCfg = Release|Any CPU
		{1BDBE1F8-F833-435A-A6F2-3EECB22A074E}.Release|Any CPU.Build.0 = Release|Any CPU
	EndGlobalSection
	GlobalSection(SolutionProperties) = preSolution
		HideSolutionNode = FALSE
	EndGlobalSection
	GlobalSection(ExtensibilityGlobals) = postSolution
		SolutionGuid = {A87BB3FC-1E28-4231-9D8C-22DBF024FDF1}
	EndGlobalSection
EndGlobal
